// !$*UTF8*$!
{
	archiveVersion = 1;
	classes = {
	};
	objectVersion = 48;
	objects = {

/* Begin PBXBuildFile section */
		04BCC4BA2131A2EA00ED753D /* AddInformationViewController.xib in Resources */ = {isa = PBXBuildFile; fileRef = 04BCC4A92131A2E800ED753D /* AddInformationViewController.xib */; };
		04BCC4BB2131A2EA00ED753D /* HistoryViewController.swift in Sources */ = {isa = PBXBuildFile; fileRef = 04BCC4AA2131A2E800ED753D /* HistoryViewController.swift */; };
		04BCC4BC2131A2EA00ED753D /* TrmplateSelectViewController.xib in Resources */ = {isa = PBXBuildFile; fileRef = 04BCC4AB2131A2E800ED753D /* TrmplateSelectViewController.xib */; };
		04BCC4BE2131A2EA00ED753D /* GreenCardViewController.xib in Resources */ = {isa = PBXBuildFile; fileRef = 04BCC4AD2131A2E900ED753D /* GreenCardViewController.xib */; };
		04BCC4BF2131A2EA00ED753D /* TemplateCollectionViewCell.swift in Sources */ = {isa = PBXBuildFile; fileRef = 04BCC4AE2131A2E900ED753D /* TemplateCollectionViewCell.swift */; };
		04BCC4C02131A2EA00ED753D /* TemplateCollectionViewCell.xib in Resources */ = {isa = PBXBuildFile; fileRef = 04BCC4AF2131A2E900ED753D /* TemplateCollectionViewCell.xib */; };
		04BCC4C12131A2EA00ED753D /* RedCardViewController.xib in Resources */ = {isa = PBXBuildFile; fileRef = 04BCC4B02131A2E900ED753D /* RedCardViewController.xib */; };
		04BCC4C22131A2EA00ED753D /* HistoryViewController.xib in Resources */ = {isa = PBXBuildFile; fileRef = 04BCC4B12131A2E900ED753D /* HistoryViewController.xib */; };
		04BCC4C32131A2EA00ED753D /* TemplateSelectViewController.xib in Resources */ = {isa = PBXBuildFile; fileRef = 04BCC4B22131A2E900ED753D /* TemplateSelectViewController.xib */; };
		04BCC4C42131A2EA00ED753D /* TemplateSelectViewController.swift in Sources */ = {isa = PBXBuildFile; fileRef = 04BCC4B32131A2E900ED753D /* TemplateSelectViewController.swift */; };
		04BCC4C52131A2EA00ED753D /* TrmplateSelectViewController.swift in Sources */ = {isa = PBXBuildFile; fileRef = 04BCC4B42131A2E900ED753D /* TrmplateSelectViewController.swift */; };
		04BCC4C62131A2EA00ED753D /* RedCardViewController.swift in Sources */ = {isa = PBXBuildFile; fileRef = 04BCC4B52131A2E900ED753D /* RedCardViewController.swift */; };
		04BCC4C72131A2EA00ED753D /* GreenCardViewController.swift in Sources */ = {isa = PBXBuildFile; fileRef = 04BCC4B62131A2E900ED753D /* GreenCardViewController.swift */; };
		04BCC4C82131A2EA00ED753D /* HistoryTableViewCell.xib in Resources */ = {isa = PBXBuildFile; fileRef = 04BCC4B72131A2E900ED753D /* HistoryTableViewCell.xib */; };
		04BCC4C92131A2EA00ED753D /* HistoryTableViewCell.swift in Sources */ = {isa = PBXBuildFile; fileRef = 04BCC4B82131A2E900ED753D /* HistoryTableViewCell.swift */; };
		04BCC4CA2131A2EA00ED753D /* Base.lproj in Resources */ = {isa = PBXBuildFile; fileRef = 04BCC4B92131A2EA00ED753D /* Base.lproj */; };
		04BCC4CC2131C9CC00ED753D /* AddInformationViewController.swift in Sources */ = {isa = PBXBuildFile; fileRef = 04BCC4CB2131C9CC00ED753D /* AddInformationViewController.swift */; };
		23526B3A3C077DE05DAE52D4 /* Pods_WalletCardAdder.framework in Frameworks */ = {isa = PBXBuildFile; fileRef = 1234BE049A1F4050F3B377E7 /* Pods_WalletCardAdder.framework */; };
		6FB013C02131CA9800732E61 /* CouponPass.swift in Sources */ = {isa = PBXBuildFile; fileRef = 6FB013BD2131CA9800732E61 /* CouponPass.swift */; };
		6FB013C12131CA9800732E61 /* PassBook.swift in Sources */ = {isa = PBXBuildFile; fileRef = 6FB013BE2131CA9800732E61 /* PassBook.swift */; };
		6FB013C22131CA9800732E61 /* PassBook+JSON.swift in Sources */ = {isa = PBXBuildFile; fileRef = 6FB013BF2131CA9800732E61 /* PassBook+JSON.swift */; };
		DD181C75213158BA00588B59 /* String+Crypto.swift in Sources */ = {isa = PBXBuildFile; fileRef = DD181C74213158BA00588B59 /* String+Crypto.swift */; };
		DDBA7DFF21317EF90004ED5B /* Main.storyboard in Resources */ = {isa = PBXBuildFile; fileRef = DDBA7DFE21317EF90004ED5B /* Main.storyboard */; };
		DDBA7E9D21317FA10004ED5B /* MIHMessageDigest5.m in Sources */ = {isa = PBXBuildFile; fileRef = DDBA7E5D21317FA10004ED5B /* MIHMessageDigest5.m */; };
		DDBA7E9E21317FA10004ED5B /* MIHSecureHashAlgorithm256.m in Sources */ = {isa = PBXBuildFile; fileRef = DDBA7E6121317FA10004ED5B /* MIHSecureHashAlgorithm256.m */; };
		DDBA7E9F21317FA10004ED5B /* MIHSecureHashAlgorithm384.m in Sources */ = {isa = PBXBuildFile; fileRef = DDBA7E6221317FA10004ED5B /* MIHSecureHashAlgorithm384.m */; };
		DDBA7EA021317FA10004ED5B /* MIHSecureHashAlgorithm512.m in Sources */ = {isa = PBXBuildFile; fileRef = DDBA7E6321317FA10004ED5B /* MIHSecureHashAlgorithm512.m */; };
		DDBA7EA121317FA10004ED5B /* MIHSecureHashAlgorithm.m in Sources */ = {isa = PBXBuildFile; fileRef = DDBA7E6421317FA10004ED5B /* MIHSecureHashAlgorithm.m */; };
		DDBA7EA221317FA10004ED5B /* MIHCryptoConfiguration.m in Sources */ = {isa = PBXBuildFile; fileRef = DDBA7E6921317FA10004ED5B /* MIHCryptoConfiguration.m */; };
		DDBA7EA321317FA10004ED5B /* NSString+MIHConversion.m in Sources */ = {isa = PBXBuildFile; fileRef = DDBA7E6D21317FA10004ED5B /* NSString+MIHConversion.m */; };
		DDBA7EA421317FA10004ED5B /* MIHInternal.m in Sources */ = {isa = PBXBuildFile; fileRef = DDBA7E6F21317FA10004ED5B /* MIHInternal.m */; };
		DDBA7EA521317FA10004ED5B /* NSData+MIHConversion.m in Sources */ = {isa = PBXBuildFile; fileRef = DDBA7E7021317FA10004ED5B /* NSData+MIHConversion.m */; };
		DDBA7EA621317FA10004ED5B /* MIHDESKey+Internal.m in Sources */ = {isa = PBXBuildFile; fileRef = DDBA7E7421317FA10004ED5B /* MIHDESKey+Internal.m */; };
		DDBA7EA721317FA10004ED5B /* MIHDESKey.m in Sources */ = {isa = PBXBuildFile; fileRef = DDBA7E7521317FA10004ED5B /* MIHDESKey.m */; };
		DDBA7EA821317FA10004ED5B /* MIHDESKeyFactory.m in Sources */ = {isa = PBXBuildFile; fileRef = DDBA7E7621317FA10004ED5B /* MIHDESKeyFactory.m */; };
		DDBA7EA921317FA10004ED5B /* MIHAESKeyFactory.m in Sources */ = {isa = PBXBuildFile; fileRef = DDBA7E7921317FA10004ED5B /* MIHAESKeyFactory.m */; };
		DDBA7EAA21317FA10004ED5B /* MIHAESKey.m in Sources */ = {isa = PBXBuildFile; fileRef = DDBA7E7A21317FA10004ED5B /* MIHAESKey.m */; };
		DDBA7EAB21317FA10004ED5B /* MIHBigInteger+Factory.m in Sources */ = {isa = PBXBuildFile; fileRef = DDBA7E7F21317FA10004ED5B /* MIHBigInteger+Factory.m */; };
		DDBA7EAC21317FA10004ED5B /* MIHBigIntegerRange.m in Sources */ = {isa = PBXBuildFile; fileRef = DDBA7E8021317FA10004ED5B /* MIHBigIntegerRange.m */; };
		DDBA7EAD21317FA10004ED5B /* MIHBigInteger+Internal.m in Sources */ = {isa = PBXBuildFile; fileRef = DDBA7E8421317FA10004ED5B /* MIHBigInteger+Internal.m */; };
		DDBA7EAE21317FA10004ED5B /* MIHBigInteger.m in Sources */ = {isa = PBXBuildFile; fileRef = DDBA7E8521317FA10004ED5B /* MIHBigInteger.m */; };
		DDBA7EAF21317FA10004ED5B /* MIHRSAPrivateKey.m in Sources */ = {isa = PBXBuildFile; fileRef = DDBA7E8821317FA10004ED5B /* MIHRSAPrivateKey.m */; };
		DDBA7EB021317FA10004ED5B /* MIHRSAPrivateKey+Internal.m in Sources */ = {isa = PBXBuildFile; fileRef = DDBA7E8921317FA10004ED5B /* MIHRSAPrivateKey+Internal.m */; };
		DDBA7EB121317FA10004ED5B /* MIHRSAPublicKey.m in Sources */ = {isa = PBXBuildFile; fileRef = DDBA7E8B21317FA10004ED5B /* MIHRSAPublicKey.m */; };
		DDBA7EB221317FA10004ED5B /* MIHRSAKeyFactory.m in Sources */ = {isa = PBXBuildFile; fileRef = DDBA7E8D21317FA10004ED5B /* MIHRSAKeyFactory.m */; };
		DDBA7EB321317FA10004ED5B /* MIHRSAPublicKey+Internal.m in Sources */ = {isa = PBXBuildFile; fileRef = DDBA7E8E21317FA10004ED5B /* MIHRSAPublicKey+Internal.m */; };
		DDBA7EB421317FA10004ED5B /* MIHKeyPair.m in Sources */ = {isa = PBXBuildFile; fileRef = DDBA7E9621317FA10004ED5B /* MIHKeyPair.m */; };
		DDBA7EB521317FA10004ED5B /* MIHErrors.m in Sources */ = {isa = PBXBuildFile; fileRef = DDBA7E9721317FA10004ED5B /* MIHErrors.m */; };
		E30A308D21312D0F00E91D17 /* Assets.xcassets in Resources */ = {isa = PBXBuildFile; fileRef = E30A308C21312D0F00E91D17 /* Assets.xcassets */; };
		E30A309021312D0F00E91D17 /* LaunchScreen.storyboard in Resources */ = {isa = PBXBuildFile; fileRef = E30A308E21312D0F00E91D17 /* LaunchScreen.storyboard */; };
		E30A309E21312DF700E91D17 /* BaseViewController.swift in Sources */ = {isa = PBXBuildFile; fileRef = E30A309A21312DF600E91D17 /* BaseViewController.swift */; };
		E30A309F21312DF700E91D17 /* BaseViewProtocol.swift in Sources */ = {isa = PBXBuildFile; fileRef = E30A309B21312DF600E91D17 /* BaseViewProtocol.swift */; };
		E30A30A321312E2800E91D17 /* MainViewController.swift in Sources */ = {isa = PBXBuildFile; fileRef = E30A30A221312E2800E91D17 /* MainViewController.swift */; };
		E30A30A721312F0400E91D17 /* PassKit.framework in Frameworks */ = {isa = PBXBuildFile; fileRef = E30A30A621312F0400E91D17 /* PassKit.framework */; };
		E30A30AB213139D700E91D17 /* AppDelegate.swift in Sources */ = {isa = PBXBuildFile; fileRef = E30A30AA213139D700E91D17 /* AppDelegate.swift */; };
/* End PBXBuildFile section */

/* Begin PBXFileReference section */
		04BCC4A92131A2E800ED753D /* AddInformationViewController.xib */ = {isa = PBXFileReference; fileEncoding = 4; lastKnownFileType = file.xib; path = AddInformationViewController.xib; sourceTree = "<group>"; };
		04BCC4AA2131A2E800ED753D /* HistoryViewController.swift */ = {isa = PBXFileReference; fileEncoding = 4; lastKnownFileType = sourcecode.swift; path = HistoryViewController.swift; sourceTree = "<group>"; };
		04BCC4AB2131A2E800ED753D /* TrmplateSelectViewController.xib */ = {isa = PBXFileReference; fileEncoding = 4; lastKnownFileType = file.xib; path = TrmplateSelectViewController.xib; sourceTree = "<group>"; };
		04BCC4AD2131A2E900ED753D /* GreenCardViewController.xib */ = {isa = PBXFileReference; fileEncoding = 4; lastKnownFileType = file.xib; path = GreenCardViewController.xib; sourceTree = "<group>"; };
		04BCC4AE2131A2E900ED753D /* TemplateCollectionViewCell.swift */ = {isa = PBXFileReference; fileEncoding = 4; lastKnownFileType = sourcecode.swift; path = TemplateCollectionViewCell.swift; sourceTree = "<group>"; };
		04BCC4AF2131A2E900ED753D /* TemplateCollectionViewCell.xib */ = {isa = PBXFileReference; fileEncoding = 4; lastKnownFileType = file.xib; path = TemplateCollectionViewCell.xib; sourceTree = "<group>"; };
		04BCC4B02131A2E900ED753D /* RedCardViewController.xib */ = {isa = PBXFileReference; fileEncoding = 4; lastKnownFileType = file.xib; path = RedCardViewController.xib; sourceTree = "<group>"; };
		04BCC4B12131A2E900ED753D /* HistoryViewController.xib */ = {isa = PBXFileReference; fileEncoding = 4; lastKnownFileType = file.xib; path = HistoryViewController.xib; sourceTree = "<group>"; };
		04BCC4B22131A2E900ED753D /* TemplateSelectViewController.xib */ = {isa = PBXFileReference; fileEncoding = 4; lastKnownFileType = file.xib; path = TemplateSelectViewController.xib; sourceTree = "<group>"; };
		04BCC4B32131A2E900ED753D /* TemplateSelectViewController.swift */ = {isa = PBXFileReference; fileEncoding = 4; lastKnownFileType = sourcecode.swift; path = TemplateSelectViewController.swift; sourceTree = "<group>"; };
		04BCC4B42131A2E900ED753D /* TrmplateSelectViewController.swift */ = {isa = PBXFileReference; fileEncoding = 4; lastKnownFileType = sourcecode.swift; path = TrmplateSelectViewController.swift; sourceTree = "<group>"; };
		04BCC4B52131A2E900ED753D /* RedCardViewController.swift */ = {isa = PBXFileReference; fileEncoding = 4; lastKnownFileType = sourcecode.swift; path = RedCardViewController.swift; sourceTree = "<group>"; };
		04BCC4B62131A2E900ED753D /* GreenCardViewController.swift */ = {isa = PBXFileReference; fileEncoding = 4; lastKnownFileType = sourcecode.swift; path = GreenCardViewController.swift; sourceTree = "<group>"; };
		04BCC4B72131A2E900ED753D /* HistoryTableViewCell.xib */ = {isa = PBXFileReference; fileEncoding = 4; lastKnownFileType = file.xib; path = HistoryTableViewCell.xib; sourceTree = "<group>"; };
		04BCC4B82131A2E900ED753D /* HistoryTableViewCell.swift */ = {isa = PBXFileReference; fileEncoding = 4; lastKnownFileType = sourcecode.swift; path = HistoryTableViewCell.swift; sourceTree = "<group>"; };
		04BCC4B92131A2EA00ED753D /* Base.lproj */ = {isa = PBXFileReference; lastKnownFileType = folder; path = Base.lproj; sourceTree = "<group>"; };
		04BCC4CB2131C9CC00ED753D /* AddInformationViewController.swift */ = {isa = PBXFileReference; lastKnownFileType = sourcecode.swift; path = AddInformationViewController.swift; sourceTree = "<group>"; };
		1234BE049A1F4050F3B377E7 /* Pods_WalletCardAdder.framework */ = {isa = PBXFileReference; explicitFileType = wrapper.framework; includeInIndex = 0; path = Pods_WalletCardAdder.framework; sourceTree = BUILT_PRODUCTS_DIR; };
		6FB013BD2131CA9800732E61 /* CouponPass.swift */ = {isa = PBXFileReference; fileEncoding = 4; lastKnownFileType = sourcecode.swift; path = CouponPass.swift; sourceTree = "<group>"; };
		6FB013BE2131CA9800732E61 /* PassBook.swift */ = {isa = PBXFileReference; fileEncoding = 4; lastKnownFileType = sourcecode.swift; path = PassBook.swift; sourceTree = "<group>"; };
		6FB013BF2131CA9800732E61 /* PassBook+JSON.swift */ = {isa = PBXFileReference; fileEncoding = 4; lastKnownFileType = sourcecode.swift; path = "PassBook+JSON.swift"; sourceTree = "<group>"; };
		C42F45201AE59A489E6C54CF /* Pods-WalletCardAdder.debug.xcconfig */ = {isa = PBXFileReference; includeInIndex = 1; lastKnownFileType = text.xcconfig; name = "Pods-WalletCardAdder.debug.xcconfig"; path = "Pods/Target Support Files/Pods-WalletCardAdder/Pods-WalletCardAdder.debug.xcconfig"; sourceTree = "<group>"; };
		DD181C6C2131582900588B59 /* WalletCardAdder-Bridging-Header.h */ = {isa = PBXFileReference; lastKnownFileType = sourcecode.c.h; path = "WalletCardAdder-Bridging-Header.h"; sourceTree = "<group>"; };
		DD181C74213158BA00588B59 /* String+Crypto.swift */ = {isa = PBXFileReference; lastKnownFileType = sourcecode.swift; path = "String+Crypto.swift"; sourceTree = "<group>"; };
		DDBA7DFE21317EF90004ED5B /* Main.storyboard */ = {isa = PBXFileReference; fileEncoding = 4; lastKnownFileType = file.storyboard; path = Main.storyboard; sourceTree = "<group>"; };
		DDBA7E5D21317FA10004ED5B /* MIHMessageDigest5.m */ = {isa = PBXFileReference; fileEncoding = 4; lastKnownFileType = sourcecode.c.objc; path = MIHMessageDigest5.m; sourceTree = "<group>"; };
		DDBA7E5E21317FA10004ED5B /* MIHMessageDigest5.h */ = {isa = PBXFileReference; fileEncoding = 4; lastKnownFileType = sourcecode.c.h; path = MIHMessageDigest5.h; sourceTree = "<group>"; };
		DDBA7E6021317FA10004ED5B /* MIHSecureHashAlgorithm.h */ = {isa = PBXFileReference; fileEncoding = 4; lastKnownFileType = sourcecode.c.h; path = MIHSecureHashAlgorithm.h; sourceTree = "<group>"; };
		DDBA7E6121317FA10004ED5B /* MIHSecureHashAlgorithm256.m */ = {isa = PBXFileReference; fileEncoding = 4; lastKnownFileType = sourcecode.c.objc; path = MIHSecureHashAlgorithm256.m; sourceTree = "<group>"; };
		DDBA7E6221317FA10004ED5B /* MIHSecureHashAlgorithm384.m */ = {isa = PBXFileReference; fileEncoding = 4; lastKnownFileType = sourcecode.c.objc; path = MIHSecureHashAlgorithm384.m; sourceTree = "<group>"; };
		DDBA7E6321317FA10004ED5B /* MIHSecureHashAlgorithm512.m */ = {isa = PBXFileReference; fileEncoding = 4; lastKnownFileType = sourcecode.c.objc; path = MIHSecureHashAlgorithm512.m; sourceTree = "<group>"; };
		DDBA7E6421317FA10004ED5B /* MIHSecureHashAlgorithm.m */ = {isa = PBXFileReference; fileEncoding = 4; lastKnownFileType = sourcecode.c.objc; path = MIHSecureHashAlgorithm.m; sourceTree = "<group>"; };
		DDBA7E6521317FA10004ED5B /* MIHSecureHashAlgorithm256.h */ = {isa = PBXFileReference; fileEncoding = 4; lastKnownFileType = sourcecode.c.h; path = MIHSecureHashAlgorithm256.h; sourceTree = "<group>"; };
		DDBA7E6621317FA10004ED5B /* MIHSecureHashAlgorithm512.h */ = {isa = PBXFileReference; fileEncoding = 4; lastKnownFileType = sourcecode.c.h; path = MIHSecureHashAlgorithm512.h; sourceTree = "<group>"; };
		DDBA7E6721317FA10004ED5B /* MIHSecureHashAlgorithm384.h */ = {isa = PBXFileReference; fileEncoding = 4; lastKnownFileType = sourcecode.c.h; path = MIHSecureHashAlgorithm384.h; sourceTree = "<group>"; };
		DDBA7E6921317FA10004ED5B /* MIHCryptoConfiguration.m */ = {isa = PBXFileReference; fileEncoding = 4; lastKnownFileType = sourcecode.c.objc; path = MIHCryptoConfiguration.m; sourceTree = "<group>"; };
		DDBA7E6A21317FA10004ED5B /* NSString+MIHConversion.h */ = {isa = PBXFileReference; fileEncoding = 4; lastKnownFileType = sourcecode.c.h; path = "NSString+MIHConversion.h"; sourceTree = "<group>"; };
		DDBA7E6B21317FA10004ED5B /* NSData+MIHConversion.h */ = {isa = PBXFileReference; fileEncoding = 4; lastKnownFileType = sourcecode.c.h; path = "NSData+MIHConversion.h"; sourceTree = "<group>"; };
		DDBA7E6C21317FA10004ED5B /* MIHInternal.h */ = {isa = PBXFileReference; fileEncoding = 4; lastKnownFileType = sourcecode.c.h; path = MIHInternal.h; sourceTree = "<group>"; };
		DDBA7E6D21317FA10004ED5B /* NSString+MIHConversion.m */ = {isa = PBXFileReference; fileEncoding = 4; lastKnownFileType = sourcecode.c.objc; path = "NSString+MIHConversion.m"; sourceTree = "<group>"; };
		DDBA7E6E21317FA10004ED5B /* MIHCryptoConfiguration.h */ = {isa = PBXFileReference; fileEncoding = 4; lastKnownFileType = sourcecode.c.h; path = MIHCryptoConfiguration.h; sourceTree = "<group>"; };
		DDBA7E6F21317FA10004ED5B /* MIHInternal.m */ = {isa = PBXFileReference; fileEncoding = 4; lastKnownFileType = sourcecode.c.objc; path = MIHInternal.m; sourceTree = "<group>"; };
		DDBA7E7021317FA10004ED5B /* NSData+MIHConversion.m */ = {isa = PBXFileReference; fileEncoding = 4; lastKnownFileType = sourcecode.c.objc; path = "NSData+MIHConversion.m"; sourceTree = "<group>"; };
		DDBA7E7221317FA10004ED5B /* MIHDESKey.h */ = {isa = PBXFileReference; fileEncoding = 4; lastKnownFileType = sourcecode.c.h; path = MIHDESKey.h; sourceTree = "<group>"; };
		DDBA7E7321317FA10004ED5B /* MIHDESKeyFactory.h */ = {isa = PBXFileReference; fileEncoding = 4; lastKnownFileType = sourcecode.c.h; path = MIHDESKeyFactory.h; sourceTree = "<group>"; };
		DDBA7E7421317FA10004ED5B /* MIHDESKey+Internal.m */ = {isa = PBXFileReference; fileEncoding = 4; lastKnownFileType = sourcecode.c.objc; path = "MIHDESKey+Internal.m"; sourceTree = "<group>"; };
		DDBA7E7521317FA10004ED5B /* MIHDESKey.m */ = {isa = PBXFileReference; fileEncoding = 4; lastKnownFileType = sourcecode.c.objc; path = MIHDESKey.m; sourceTree = "<group>"; };
		DDBA7E7621317FA10004ED5B /* MIHDESKeyFactory.m */ = {isa = PBXFileReference; fileEncoding = 4; lastKnownFileType = sourcecode.c.objc; path = MIHDESKeyFactory.m; sourceTree = "<group>"; };
		DDBA7E7721317FA10004ED5B /* MIHDESKey+Internal.h */ = {isa = PBXFileReference; fileEncoding = 4; lastKnownFileType = sourcecode.c.h; path = "MIHDESKey+Internal.h"; sourceTree = "<group>"; };
		DDBA7E7921317FA10004ED5B /* MIHAESKeyFactory.m */ = {isa = PBXFileReference; fileEncoding = 4; lastKnownFileType = sourcecode.c.objc; path = MIHAESKeyFactory.m; sourceTree = "<group>"; };
		DDBA7E7A21317FA10004ED5B /* MIHAESKey.m */ = {isa = PBXFileReference; fileEncoding = 4; lastKnownFileType = sourcecode.c.objc; path = MIHAESKey.m; sourceTree = "<group>"; };
		DDBA7E7B21317FA10004ED5B /* MIHAESKeyFactory.h */ = {isa = PBXFileReference; fileEncoding = 4; lastKnownFileType = sourcecode.c.h; path = MIHAESKeyFactory.h; sourceTree = "<group>"; };
		DDBA7E7C21317FA10004ED5B /* MIHAESKey.h */ = {isa = PBXFileReference; fileEncoding = 4; lastKnownFileType = sourcecode.c.h; path = MIHAESKey.h; sourceTree = "<group>"; };
		DDBA7E7E21317FA10004ED5B /* MIHBigInteger+Internal.h */ = {isa = PBXFileReference; fileEncoding = 4; lastKnownFileType = sourcecode.c.h; path = "MIHBigInteger+Internal.h"; sourceTree = "<group>"; };
		DDBA7E7F21317FA10004ED5B /* MIHBigInteger+Factory.m */ = {isa = PBXFileReference; fileEncoding = 4; lastKnownFileType = sourcecode.c.objc; path = "MIHBigInteger+Factory.m"; sourceTree = "<group>"; };
		DDBA7E8021317FA10004ED5B /* MIHBigIntegerRange.m */ = {isa = PBXFileReference; fileEncoding = 4; lastKnownFileType = sourcecode.c.objc; path = MIHBigIntegerRange.m; sourceTree = "<group>"; };
		DDBA7E8121317FA10004ED5B /* MIHBigInteger.h */ = {isa = PBXFileReference; fileEncoding = 4; lastKnownFileType = sourcecode.c.h; path = MIHBigInteger.h; sourceTree = "<group>"; };
		DDBA7E8221317FA10004ED5B /* MIHBigIntegerRange.h */ = {isa = PBXFileReference; fileEncoding = 4; lastKnownFileType = sourcecode.c.h; path = MIHBigIntegerRange.h; sourceTree = "<group>"; };
		DDBA7E8321317FA10004ED5B /* MIHBigInteger+Factory.h */ = {isa = PBXFileReference; fileEncoding = 4; lastKnownFileType = sourcecode.c.h; path = "MIHBigInteger+Factory.h"; sourceTree = "<group>"; };
		DDBA7E8421317FA10004ED5B /* MIHBigInteger+Internal.m */ = {isa = PBXFileReference; fileEncoding = 4; lastKnownFileType = sourcecode.c.objc; path = "MIHBigInteger+Internal.m"; sourceTree = "<group>"; };
		DDBA7E8521317FA10004ED5B /* MIHBigInteger.m */ = {isa = PBXFileReference; fileEncoding = 4; lastKnownFileType = sourcecode.c.objc; path = MIHBigInteger.m; sourceTree = "<group>"; };
		DDBA7E8721317FA10004ED5B /* MIHRSAKeyFactory.h */ = {isa = PBXFileReference; fileEncoding = 4; lastKnownFileType = sourcecode.c.h; path = MIHRSAKeyFactory.h; sourceTree = "<group>"; };
		DDBA7E8821317FA10004ED5B /* MIHRSAPrivateKey.m */ = {isa = PBXFileReference; fileEncoding = 4; lastKnownFileType = sourcecode.c.objc; path = MIHRSAPrivateKey.m; sourceTree = "<group>"; };
		DDBA7E8921317FA10004ED5B /* MIHRSAPrivateKey+Internal.m */ = {isa = PBXFileReference; fileEncoding = 4; lastKnownFileType = sourcecode.c.objc; path = "MIHRSAPrivateKey+Internal.m"; sourceTree = "<group>"; };
		DDBA7E8A21317FA10004ED5B /* MIHRSAPublicKey+Internal.h */ = {isa = PBXFileReference; fileEncoding = 4; lastKnownFileType = sourcecode.c.h; path = "MIHRSAPublicKey+Internal.h"; sourceTree = "<group>"; };
		DDBA7E8B21317FA10004ED5B /* MIHRSAPublicKey.m */ = {isa = PBXFileReference; fileEncoding = 4; lastKnownFileType = sourcecode.c.objc; path = MIHRSAPublicKey.m; sourceTree = "<group>"; };
		DDBA7E8C21317FA10004ED5B /* MIHRSAPrivateKey.h */ = {isa = PBXFileReference; fileEncoding = 4; lastKnownFileType = sourcecode.c.h; path = MIHRSAPrivateKey.h; sourceTree = "<group>"; };
		DDBA7E8D21317FA10004ED5B /* MIHRSAKeyFactory.m */ = {isa = PBXFileReference; fileEncoding = 4; lastKnownFileType = sourcecode.c.objc; path = MIHRSAKeyFactory.m; sourceTree = "<group>"; };
		DDBA7E8E21317FA10004ED5B /* MIHRSAPublicKey+Internal.m */ = {isa = PBXFileReference; fileEncoding = 4; lastKnownFileType = sourcecode.c.objc; path = "MIHRSAPublicKey+Internal.m"; sourceTree = "<group>"; };
		DDBA7E8F21317FA10004ED5B /* MIHRSAPrivateKey+Internal.h */ = {isa = PBXFileReference; fileEncoding = 4; lastKnownFileType = sourcecode.c.h; path = "MIHRSAPrivateKey+Internal.h"; sourceTree = "<group>"; };
		DDBA7E9021317FA10004ED5B /* MIHRSAPublicKey.h */ = {isa = PBXFileReference; fileEncoding = 4; lastKnownFileType = sourcecode.c.h; path = MIHRSAPublicKey.h; sourceTree = "<group>"; };
		DDBA7E9221317FA10004ED5B /* MIHPrivateKey.h */ = {isa = PBXFileReference; fileEncoding = 4; lastKnownFileType = sourcecode.c.h; path = MIHPrivateKey.h; sourceTree = "<group>"; };
		DDBA7E9321317FA10004ED5B /* MIHErrors.h */ = {isa = PBXFileReference; fileEncoding = 4; lastKnownFileType = sourcecode.c.h; path = MIHErrors.h; sourceTree = "<group>"; };
		DDBA7E9421317FA10004ED5B /* MIHSymmetricKey.h */ = {isa = PBXFileReference; fileEncoding = 4; lastKnownFileType = sourcecode.c.h; path = MIHSymmetricKey.h; sourceTree = "<group>"; };
		DDBA7E9521317FA10004ED5B /* MIHCoding.h */ = {isa = PBXFileReference; fileEncoding = 4; lastKnownFileType = sourcecode.c.h; path = MIHCoding.h; sourceTree = "<group>"; };
		DDBA7E9621317FA10004ED5B /* MIHKeyPair.m */ = {isa = PBXFileReference; fileEncoding = 4; lastKnownFileType = sourcecode.c.objc; path = MIHKeyPair.m; sourceTree = "<group>"; };
		DDBA7E9721317FA10004ED5B /* MIHErrors.m */ = {isa = PBXFileReference; fileEncoding = 4; lastKnownFileType = sourcecode.c.objc; path = MIHErrors.m; sourceTree = "<group>"; };
		DDBA7E9821317FA10004ED5B /* MIHKeyFactory.h */ = {isa = PBXFileReference; fileEncoding = 4; lastKnownFileType = sourcecode.c.h; path = MIHKeyFactory.h; sourceTree = "<group>"; };
		DDBA7E9921317FA10004ED5B /* MIHNumber.h */ = {isa = PBXFileReference; fileEncoding = 4; lastKnownFileType = sourcecode.c.h; path = MIHNumber.h; sourceTree = "<group>"; };
		DDBA7E9A21317FA10004ED5B /* MIHPublicKey.h */ = {isa = PBXFileReference; fileEncoding = 4; lastKnownFileType = sourcecode.c.h; path = MIHPublicKey.h; sourceTree = "<group>"; };
		DDBA7E9B21317FA10004ED5B /* MIHKeyPair.h */ = {isa = PBXFileReference; fileEncoding = 4; lastKnownFileType = sourcecode.c.h; path = MIHKeyPair.h; sourceTree = "<group>"; };
		DDBA7E9C21317FA10004ED5B /* MIHHashAlgorithm.h */ = {isa = PBXFileReference; fileEncoding = 4; lastKnownFileType = sourcecode.c.h; path = MIHHashAlgorithm.h; sourceTree = "<group>"; };
		E30A308221312D0F00E91D17 /* WalletCardAdder.app */ = {isa = PBXFileReference; explicitFileType = wrapper.application; includeInIndex = 0; path = WalletCardAdder.app; sourceTree = BUILT_PRODUCTS_DIR; };
		E30A308C21312D0F00E91D17 /* Assets.xcassets */ = {isa = PBXFileReference; lastKnownFileType = folder.assetcatalog; path = Assets.xcassets; sourceTree = "<group>"; };
		E30A308F21312D0F00E91D17 /* Base */ = {isa = PBXFileReference; lastKnownFileType = file.storyboard; name = Base; path = Base.lproj/LaunchScreen.storyboard; sourceTree = "<group>"; };
		E30A309121312D0F00E91D17 /* Info.plist */ = {isa = PBXFileReference; lastKnownFileType = text.plist.xml; path = Info.plist; sourceTree = "<group>"; };
		E30A309A21312DF600E91D17 /* BaseViewController.swift */ = {isa = PBXFileReference; fileEncoding = 4; lastKnownFileType = sourcecode.swift; path = BaseViewController.swift; sourceTree = "<group>"; };
		E30A309B21312DF600E91D17 /* BaseViewProtocol.swift */ = {isa = PBXFileReference; fileEncoding = 4; lastKnownFileType = sourcecode.swift; path = BaseViewProtocol.swift; sourceTree = "<group>"; };
		E30A30A221312E2800E91D17 /* MainViewController.swift */ = {isa = PBXFileReference; lastKnownFileType = sourcecode.swift; path = MainViewController.swift; sourceTree = "<group>"; };
		E30A30A421312F0400E91D17 /* WalletCardAdder.entitlements */ = {isa = PBXFileReference; lastKnownFileType = text.plist.entitlements; path = WalletCardAdder.entitlements; sourceTree = "<group>"; };
		E30A30A621312F0400E91D17 /* PassKit.framework */ = {isa = PBXFileReference; lastKnownFileType = wrapper.framework; name = PassKit.framework; path = System/Library/Frameworks/PassKit.framework; sourceTree = SDKROOT; };
		E30A30AA213139D700E91D17 /* AppDelegate.swift */ = {isa = PBXFileReference; fileEncoding = 4; lastKnownFileType = sourcecode.swift; path = AppDelegate.swift; sourceTree = "<group>"; };
		F89307271FD88A0CD17C7A73 /* Pods-WalletCardAdder.release.xcconfig */ = {isa = PBXFileReference; includeInIndex = 1; lastKnownFileType = text.xcconfig; name = "Pods-WalletCardAdder.release.xcconfig"; path = "Pods/Target Support Files/Pods-WalletCardAdder/Pods-WalletCardAdder.release.xcconfig"; sourceTree = "<group>"; };
/* End PBXFileReference section */

/* Begin PBXFrameworksBuildPhase section */
		E30A307F21312D0F00E91D17 /* Frameworks */ = {
			isa = PBXFrameworksBuildPhase;
			buildActionMask = 2147483647;
			files = (
				E30A30A721312F0400E91D17 /* PassKit.framework in Frameworks */,
				23526B3A3C077DE05DAE52D4 /* Pods_WalletCardAdder.framework in Frameworks */,
			);
			runOnlyForDeploymentPostprocessing = 0;
		};
/* End PBXFrameworksBuildPhase section */

/* Begin PBXGroup section */
		6FB013AE2131AD1300732E61 /* PassBook */ = {
			isa = PBXGroup;
			children = (
				6FB013BD2131CA9800732E61 /* CouponPass.swift */,
				6FB013BE2131CA9800732E61 /* PassBook.swift */,
				6FB013BF2131CA9800732E61 /* PassBook+JSON.swift */,
			);
			path = PassBook;
			sourceTree = "<group>";
		};
		727794501B8FD9D736F4FB45 /* Pods */ = {
			isa = PBXGroup;
			children = (
				C42F45201AE59A489E6C54CF /* Pods-WalletCardAdder.debug.xcconfig */,
				F89307271FD88A0CD17C7A73 /* Pods-WalletCardAdder.release.xcconfig */,
			);
			name = Pods;
			sourceTree = "<group>";
		};
		DD181C6B2131580000588B59 /* Bridge */ = {
			isa = PBXGroup;
			children = (
				DD181C6C2131582900588B59 /* WalletCardAdder-Bridging-Header.h */,
			);
			path = Bridge;
			sourceTree = "<group>";
		};
		DD181C73213158AA00588B59 /* Common */ = {
			isa = PBXGroup;
			children = (
				6FB013AE2131AD1300732E61 /* PassBook */,
				DD181C76213158D400588B59 /* Extensions */,
			);
			path = Common;
			sourceTree = "<group>";
		};
		DD181C76213158D400588B59 /* Extensions */ = {
			isa = PBXGroup;
			children = (
				DD181C74213158BA00588B59 /* String+Crypto.swift */,
			);
			path = Extensions;
			sourceTree = "<group>";
		};
		DDBA7E0021317F1B0004ED5B /* Lib */ = {
			isa = PBXGroup;
			children = (
				DDBA7E0121317F210004ED5B /* MIHCrypto */,
			);
			path = Lib;
			sourceTree = "<group>";
		};
		DDBA7E0121317F210004ED5B /* MIHCrypto */ = {
			isa = PBXGroup;
			children = (
				DDBA7E7821317FA10004ED5B /* AES */,
				DDBA7E9121317FA10004ED5B /* Core */,
				DDBA7E7121317FA10004ED5B /* DES */,
				DDBA7E7D21317FA10004ED5B /* Mathematics */,
				DDBA7E5C21317FA10004ED5B /* MD5 */,
				DDBA7E8621317FA10004ED5B /* RSA */,
				DDBA7E5F21317FA10004ED5B /* SHA */,
				DDBA7E6821317FA10004ED5B /* Utils */,
			);
			path = MIHCrypto;
			sourceTree = "<group>";
		};
		DDBA7E5C21317FA10004ED5B /* MD5 */ = {
			isa = PBXGroup;
			children = (
				DDBA7E5D21317FA10004ED5B /* MIHMessageDigest5.m */,
				DDBA7E5E21317FA10004ED5B /* MIHMessageDigest5.h */,
			);
			path = MD5;
			sourceTree = "<group>";
		};
		DDBA7E5F21317FA10004ED5B /* SHA */ = {
			isa = PBXGroup;
			children = (
				DDBA7E6021317FA10004ED5B /* MIHSecureHashAlgorithm.h */,
				DDBA7E6121317FA10004ED5B /* MIHSecureHashAlgorithm256.m */,
				DDBA7E6221317FA10004ED5B /* MIHSecureHashAlgorithm384.m */,
				DDBA7E6321317FA10004ED5B /* MIHSecureHashAlgorithm512.m */,
				DDBA7E6421317FA10004ED5B /* MIHSecureHashAlgorithm.m */,
				DDBA7E6521317FA10004ED5B /* MIHSecureHashAlgorithm256.h */,
				DDBA7E6621317FA10004ED5B /* MIHSecureHashAlgorithm512.h */,
				DDBA7E6721317FA10004ED5B /* MIHSecureHashAlgorithm384.h */,
			);
			path = SHA;
			sourceTree = "<group>";
		};
		DDBA7E6821317FA10004ED5B /* Utils */ = {
			isa = PBXGroup;
			children = (
				DDBA7E6921317FA10004ED5B /* MIHCryptoConfiguration.m */,
				DDBA7E6A21317FA10004ED5B /* NSString+MIHConversion.h */,
				DDBA7E6B21317FA10004ED5B /* NSData+MIHConversion.h */,
				DDBA7E6C21317FA10004ED5B /* MIHInternal.h */,
				DDBA7E6D21317FA10004ED5B /* NSString+MIHConversion.m */,
				DDBA7E6E21317FA10004ED5B /* MIHCryptoConfiguration.h */,
				DDBA7E6F21317FA10004ED5B /* MIHInternal.m */,
				DDBA7E7021317FA10004ED5B /* NSData+MIHConversion.m */,
			);
			path = Utils;
			sourceTree = "<group>";
		};
		DDBA7E7121317FA10004ED5B /* DES */ = {
			isa = PBXGroup;
			children = (
				DDBA7E7221317FA10004ED5B /* MIHDESKey.h */,
				DDBA7E7321317FA10004ED5B /* MIHDESKeyFactory.h */,
				DDBA7E7421317FA10004ED5B /* MIHDESKey+Internal.m */,
				DDBA7E7521317FA10004ED5B /* MIHDESKey.m */,
				DDBA7E7621317FA10004ED5B /* MIHDESKeyFactory.m */,
				DDBA7E7721317FA10004ED5B /* MIHDESKey+Internal.h */,
			);
			path = DES;
			sourceTree = "<group>";
		};
		DDBA7E7821317FA10004ED5B /* AES */ = {
			isa = PBXGroup;
			children = (
				DDBA7E7921317FA10004ED5B /* MIHAESKeyFactory.m */,
				DDBA7E7A21317FA10004ED5B /* MIHAESKey.m */,
				DDBA7E7B21317FA10004ED5B /* MIHAESKeyFactory.h */,
				DDBA7E7C21317FA10004ED5B /* MIHAESKey.h */,
			);
			path = AES;
			sourceTree = "<group>";
		};
		DDBA7E7D21317FA10004ED5B /* Mathematics */ = {
			isa = PBXGroup;
			children = (
				DDBA7E7E21317FA10004ED5B /* MIHBigInteger+Internal.h */,
				DDBA7E7F21317FA10004ED5B /* MIHBigInteger+Factory.m */,
				DDBA7E8021317FA10004ED5B /* MIHBigIntegerRange.m */,
				DDBA7E8121317FA10004ED5B /* MIHBigInteger.h */,
				DDBA7E8221317FA10004ED5B /* MIHBigIntegerRange.h */,
				DDBA7E8321317FA10004ED5B /* MIHBigInteger+Factory.h */,
				DDBA7E8421317FA10004ED5B /* MIHBigInteger+Internal.m */,
				DDBA7E8521317FA10004ED5B /* MIHBigInteger.m */,
			);
			path = Mathematics;
			sourceTree = "<group>";
		};
		DDBA7E8621317FA10004ED5B /* RSA */ = {
			isa = PBXGroup;
			children = (
				DDBA7E8721317FA10004ED5B /* MIHRSAKeyFactory.h */,
				DDBA7E8821317FA10004ED5B /* MIHRSAPrivateKey.m */,
				DDBA7E8921317FA10004ED5B /* MIHRSAPrivateKey+Internal.m */,
				DDBA7E8A21317FA10004ED5B /* MIHRSAPublicKey+Internal.h */,
				DDBA7E8B21317FA10004ED5B /* MIHRSAPublicKey.m */,
				DDBA7E8C21317FA10004ED5B /* MIHRSAPrivateKey.h */,
				DDBA7E8D21317FA10004ED5B /* MIHRSAKeyFactory.m */,
				DDBA7E8E21317FA10004ED5B /* MIHRSAPublicKey+Internal.m */,
				DDBA7E8F21317FA10004ED5B /* MIHRSAPrivateKey+Internal.h */,
				DDBA7E9021317FA10004ED5B /* MIHRSAPublicKey.h */,
			);
			path = RSA;
			sourceTree = "<group>";
		};
		DDBA7E9121317FA10004ED5B /* Core */ = {
			isa = PBXGroup;
			children = (
				DDBA7E9221317FA10004ED5B /* MIHPrivateKey.h */,
				DDBA7E9321317FA10004ED5B /* MIHErrors.h */,
				DDBA7E9421317FA10004ED5B /* MIHSymmetricKey.h */,
				DDBA7E9521317FA10004ED5B /* MIHCoding.h */,
				DDBA7E9621317FA10004ED5B /* MIHKeyPair.m */,
				DDBA7E9721317FA10004ED5B /* MIHErrors.m */,
				DDBA7E9821317FA10004ED5B /* MIHKeyFactory.h */,
				DDBA7E9921317FA10004ED5B /* MIHNumber.h */,
				DDBA7E9A21317FA10004ED5B /* MIHPublicKey.h */,
				DDBA7E9B21317FA10004ED5B /* MIHKeyPair.h */,
				DDBA7E9C21317FA10004ED5B /* MIHHashAlgorithm.h */,
			);
			path = Core;
			sourceTree = "<group>";
		};
		E30A307921312D0F00E91D17 = {
			isa = PBXGroup;
			children = (
				E30A308421312D0F00E91D17 /* WalletCardAdder */,
				E30A308321312D0F00E91D17 /* Products */,
				E30A30A521312F0400E91D17 /* Frameworks */,
				727794501B8FD9D736F4FB45 /* Pods */,
			);
			sourceTree = "<group>";
		};
		E30A308321312D0F00E91D17 /* Products */ = {
			isa = PBXGroup;
			children = (
				E30A308221312D0F00E91D17 /* WalletCardAdder.app */,
			);
			name = Products;
			sourceTree = "<group>";
		};
		E30A308421312D0F00E91D17 /* WalletCardAdder */ = {
			isa = PBXGroup;
			children = (
				DDBA7E0021317F1B0004ED5B /* Lib */,
				DD181C6B2131580000588B59 /* Bridge */,
				E30A30A421312F0400E91D17 /* WalletCardAdder.entitlements */,
				E30A309821312DF600E91D17 /* Sources */,
				E30A309721312DF600E91D17 /* Views */,
				E30A308C21312D0F00E91D17 /* Assets.xcassets */,
				E30A308E21312D0F00E91D17 /* LaunchScreen.storyboard */,
				E30A309121312D0F00E91D17 /* Info.plist */,
			);
			path = WalletCardAdder;
			sourceTree = "<group>";
		};
		E30A309721312DF600E91D17 /* Views */ = {
			isa = PBXGroup;
			children = (
				04BCC4A92131A2E800ED753D /* AddInformationViewController.xib */,
				04BCC4B92131A2EA00ED753D /* Base.lproj */,
				04BCC4AD2131A2E900ED753D /* GreenCardViewController.xib */,
				04BCC4B82131A2E900ED753D /* HistoryTableViewCell.swift */,
				04BCC4B72131A2E900ED753D /* HistoryTableViewCell.xib */,
				04BCC4AA2131A2E800ED753D /* HistoryViewController.swift */,
				04BCC4B12131A2E900ED753D /* HistoryViewController.xib */,
				04BCC4B02131A2E900ED753D /* RedCardViewController.xib */,
				04BCC4AF2131A2E900ED753D /* TemplateCollectionViewCell.xib */,
				04BCC4B22131A2E900ED753D /* TemplateSelectViewController.xib */,
				04BCC4AB2131A2E800ED753D /* TrmplateSelectViewController.xib */,
				DDBA7DFE21317EF90004ED5B /* Main.storyboard */,
			);
			path = Views;
			sourceTree = "<group>";
		};
		E30A309821312DF600E91D17 /* Sources */ = {
			isa = PBXGroup;
			children = (
				DD181C73213158AA00588B59 /* Common */,
				E30A309921312DF600E91D17 /* Base */,
				E30A30A121312E0500E91D17 /* Controllsers */,
				E30A30AA213139D700E91D17 /* AppDelegate.swift */,
			);
			path = Sources;
			sourceTree = "<group>";
		};
		E30A309921312DF600E91D17 /* Base */ = {
			isa = PBXGroup;
			children = (
				E30A309A21312DF600E91D17 /* BaseViewController.swift */,
				E30A309B21312DF600E91D17 /* BaseViewProtocol.swift */,
			);
			path = Base;
			sourceTree = "<group>";
		};
		E30A30A121312E0500E91D17 /* Controllsers */ = {
			isa = PBXGroup;
			children = (
				04BCC4CB2131C9CC00ED753D /* AddInformationViewController.swift */,
				04BCC4B62131A2E900ED753D /* GreenCardViewController.swift */,
				04BCC4B52131A2E900ED753D /* RedCardViewController.swift */,
				04BCC4AE2131A2E900ED753D /* TemplateCollectionViewCell.swift */,
				04BCC4B32131A2E900ED753D /* TemplateSelectViewController.swift */,
				04BCC4B42131A2E900ED753D /* TrmplateSelectViewController.swift */,
				E30A30A221312E2800E91D17 /* MainViewController.swift */,
			);
			path = Controllsers;
			sourceTree = "<group>";
		};
		E30A30A521312F0400E91D17 /* Frameworks */ = {
			isa = PBXGroup;
			children = (
				E30A30A621312F0400E91D17 /* PassKit.framework */,
				1234BE049A1F4050F3B377E7 /* Pods_WalletCardAdder.framework */,
			);
			name = Frameworks;
			sourceTree = "<group>";
		};
/* End PBXGroup section */

/* Begin PBXNativeTarget section */
		E30A308121312D0F00E91D17 /* WalletCardAdder */ = {
			isa = PBXNativeTarget;
			buildConfigurationList = E30A309421312D0F00E91D17 /* Build configuration list for PBXNativeTarget "WalletCardAdder" */;
			buildPhases = (
				5B0329BF7EF25B758552BD4B /* [CP] Check Pods Manifest.lock */,
				E30A307E21312D0F00E91D17 /* Sources */,
				E30A307F21312D0F00E91D17 /* Frameworks */,
				E30A308021312D0F00E91D17 /* Resources */,
			);
			buildRules = (
			);
			dependencies = (
			);
			name = WalletCardAdder;
			productName = WalletCardAdder;
			productReference = E30A308221312D0F00E91D17 /* WalletCardAdder.app */;
			productType = "com.apple.product-type.application";
		};
/* End PBXNativeTarget section */

/* Begin PBXProject section */
		E30A307A21312D0F00E91D17 /* Project object */ = {
			isa = PBXProject;
			attributes = {
				LastSwiftUpdateCheck = 0920;
				LastUpgradeCheck = 0920;
				ORGANIZATIONNAME = TrueSage;
				TargetAttributes = {
					E30A308121312D0F00E91D17 = {
						CreatedOnToolsVersion = 9.2;
						LastSwiftMigration = 0940;
						ProvisioningStyle = Automatic;
						SystemCapabilities = {
							com.apple.Wallet = {
								enabled = 1;
							};
						};
					};
				};
			};
			buildConfigurationList = E30A307D21312D0F00E91D17 /* Build configuration list for PBXProject "WalletCardAdder" */;
			compatibilityVersion = "Xcode 8.0";
			developmentRegion = en;
			hasScannedForEncodings = 0;
			knownRegions = (
				en,
				Base,
			);
			mainGroup = E30A307921312D0F00E91D17;
			productRefGroup = E30A308321312D0F00E91D17 /* Products */;
			projectDirPath = "";
			projectRoot = "";
			targets = (
				E30A308121312D0F00E91D17 /* WalletCardAdder */,
			);
		};
/* End PBXProject section */

/* Begin PBXResourcesBuildPhase section */
		E30A308021312D0F00E91D17 /* Resources */ = {
			isa = PBXResourcesBuildPhase;
			buildActionMask = 2147483647;
			files = (
				04BCC4C32131A2EA00ED753D /* TemplateSelectViewController.xib in Resources */,
				04BCC4BC2131A2EA00ED753D /* TrmplateSelectViewController.xib in Resources */,
				04BCC4C82131A2EA00ED753D /* HistoryTableViewCell.xib in Resources */,
				04BCC4C02131A2EA00ED753D /* TemplateCollectionViewCell.xib in Resources */,
				DDBA7DFF21317EF90004ED5B /* Main.storyboard in Resources */,
				E30A309021312D0F00E91D17 /* LaunchScreen.storyboard in Resources */,
				04BCC4BA2131A2EA00ED753D /* AddInformationViewController.xib in Resources */,
				04BCC4C22131A2EA00ED753D /* HistoryViewController.xib in Resources */,
				04BCC4BE2131A2EA00ED753D /* GreenCardViewController.xib in Resources */,
				04BCC4C12131A2EA00ED753D /* RedCardViewController.xib in Resources */,
				04BCC4CA2131A2EA00ED753D /* Base.lproj in Resources */,
				E30A308D21312D0F00E91D17 /* Assets.xcassets in Resources */,
			);
			runOnlyForDeploymentPostprocessing = 0;
		};
/* End PBXResourcesBuildPhase section */

/* Begin PBXShellScriptBuildPhase section */
		5B0329BF7EF25B758552BD4B /* [CP] Check Pods Manifest.lock */ = {
			isa = PBXShellScriptBuildPhase;
			buildActionMask = 2147483647;
			files = (
			);
			inputPaths = (
				"${PODS_PODFILE_DIR_PATH}/Podfile.lock",
				"${PODS_ROOT}/Manifest.lock",
			);
			name = "[CP] Check Pods Manifest.lock";
			outputPaths = (
				"$(DERIVED_FILE_DIR)/Pods-WalletCardAdder-checkManifestLockResult.txt",
			);
			runOnlyForDeploymentPostprocessing = 0;
			shellPath = /bin/sh;
			shellScript = "diff \"${PODS_PODFILE_DIR_PATH}/Podfile.lock\" \"${PODS_ROOT}/Manifest.lock\" > /dev/null\nif [ $? != 0 ] ; then\n    # print error to STDERR\n    echo \"error: The sandbox is not in sync with the Podfile.lock. Run 'pod install' or update your CocoaPods installation.\" >&2\n    exit 1\nfi\n# This output is used by Xcode 'outputs' to avoid re-running this script phase.\necho \"SUCCESS\" > \"${SCRIPT_OUTPUT_FILE_0}\"\n";
			showEnvVarsInLog = 0;
		};
/* End PBXShellScriptBuildPhase section */

/* Begin PBXSourcesBuildPhase section */
		E30A307E21312D0F00E91D17 /* Sources */ = {
			isa = PBXSourcesBuildPhase;
			buildActionMask = 2147483647;
			files = (
				6FB013C22131CA9800732E61 /* PassBook+JSON.swift in Sources */,
				DDBA7EAE21317FA10004ED5B /* MIHBigInteger.m in Sources */,
				E30A30AB213139D700E91D17 /* AppDelegate.swift in Sources */,
				DDBA7EA221317FA10004ED5B /* MIHCryptoConfiguration.m in Sources */,
				6FB013C02131CA9800732E61 /* CouponPass.swift in Sources */,
				04BCC4BF2131A2EA00ED753D /* TemplateCollectionViewCell.swift in Sources */,
				DDBA7EA321317FA10004ED5B /* NSString+MIHConversion.m in Sources */,
				04BCC4C52131A2EA00ED753D /* TrmplateSelectViewController.swift in Sources */,
				DDBA7EAB21317FA10004ED5B /* MIHBigInteger+Factory.m in Sources */,
				DDBA7EAF21317FA10004ED5B /* MIHRSAPrivateKey.m in Sources */,
				DDBA7EA621317FA10004ED5B /* MIHDESKey+Internal.m in Sources */,
				DDBA7EAA21317FA10004ED5B /* MIHAESKey.m in Sources */,
				DDBA7EA421317FA10004ED5B /* MIHInternal.m in Sources */,
				DDBA7EB321317FA10004ED5B /* MIHRSAPublicKey+Internal.m in Sources */,
				6FB013C12131CA9800732E61 /* PassBook.swift in Sources */,
				DDBA7EA121317FA10004ED5B /* MIHSecureHashAlgorithm.m in Sources */,
				DDBA7EB121317FA10004ED5B /* MIHRSAPublicKey.m in Sources */,
				DD181C75213158BA00588B59 /* String+Crypto.swift in Sources */,
				DDBA7EA021317FA10004ED5B /* MIHSecureHashAlgorithm512.m in Sources */,
				04BCC4C72131A2EA00ED753D /* GreenCardViewController.swift in Sources */,
				04BCC4BB2131A2EA00ED753D /* HistoryViewController.swift in Sources */,
				DDBA7E9D21317FA10004ED5B /* MIHMessageDigest5.m in Sources */,
				DDBA7EAD21317FA10004ED5B /* MIHBigInteger+Internal.m in Sources */,
				04BCC4C42131A2EA00ED753D /* TemplateSelectViewController.swift in Sources */,
				DDBA7EA721317FA10004ED5B /* MIHDESKey.m in Sources */,
				04BCC4C62131A2EA00ED753D /* RedCardViewController.swift in Sources */,
				E30A30A321312E2800E91D17 /* MainViewController.swift in Sources */,
				04BCC4C92131A2EA00ED753D /* HistoryTableViewCell.swift in Sources */,
				E30A309E21312DF700E91D17 /* BaseViewController.swift in Sources */,
				DDBA7EB221317FA10004ED5B /* MIHRSAKeyFactory.m in Sources */,
				DDBA7E9F21317FA10004ED5B /* MIHSecureHashAlgorithm384.m in Sources */,
				DDBA7EB021317FA10004ED5B /* MIHRSAPrivateKey+Internal.m in Sources */,
				04BCC4CC2131C9CC00ED753D /* AddInformationViewController.swift in Sources */,
				DDBA7EA821317FA10004ED5B /* MIHDESKeyFactory.m in Sources */,
				DDBA7EB421317FA10004ED5B /* MIHKeyPair.m in Sources */,
				DDBA7EA521317FA10004ED5B /* NSData+MIHConversion.m in Sources */,
				DDBA7EA921317FA10004ED5B /* MIHAESKeyFactory.m in Sources */,
				DDBA7EAC21317FA10004ED5B /* MIHBigIntegerRange.m in Sources */,
				DDBA7EB521317FA10004ED5B /* MIHErrors.m in Sources */,
				DDBA7E9E21317FA10004ED5B /* MIHSecureHashAlgorithm256.m in Sources */,
				E30A309F21312DF700E91D17 /* BaseViewProtocol.swift in Sources */,
			);
			runOnlyForDeploymentPostprocessing = 0;
		};
/* End PBXSourcesBuildPhase section */

/* Begin PBXVariantGroup section */
		E30A308E21312D0F00E91D17 /* LaunchScreen.storyboard */ = {
			isa = PBXVariantGroup;
			children = (
				E30A308F21312D0F00E91D17 /* Base */,
			);
			name = LaunchScreen.storyboard;
			sourceTree = "<group>";
		};
/* End PBXVariantGroup section */

/* Begin XCBuildConfiguration section */
		E30A309221312D0F00E91D17 /* Debug */ = {
			isa = XCBuildConfiguration;
			buildSettings = {
				ALWAYS_SEARCH_USER_PATHS = NO;
				CLANG_ANALYZER_NONNULL = YES;
				CLANG_ANALYZER_NUMBER_OBJECT_CONVERSION = YES_AGGRESSIVE;
				CLANG_CXX_LANGUAGE_STANDARD = "gnu++14";
				CLANG_CXX_LIBRARY = "libc++";
				CLANG_ENABLE_MODULES = YES;
				CLANG_ENABLE_OBJC_ARC = YES;
				CLANG_WARN_BLOCK_CAPTURE_AUTORELEASING = YES;
				CLANG_WARN_BOOL_CONVERSION = YES;
				CLANG_WARN_COMMA = YES;
				CLANG_WARN_CONSTANT_CONVERSION = YES;
				CLANG_WARN_DIRECT_OBJC_ISA_USAGE = YES_ERROR;
				CLANG_WARN_DOCUMENTATION_COMMENTS = YES;
				CLANG_WARN_EMPTY_BODY = YES;
				CLANG_WARN_ENUM_CONVERSION = YES;
				CLANG_WARN_INFINITE_RECURSION = YES;
				CLANG_WARN_INT_CONVERSION = YES;
				CLANG_WARN_NON_LITERAL_NULL_CONVERSION = YES;
				CLANG_WARN_OBJC_LITERAL_CONVERSION = YES;
				CLANG_WARN_OBJC_ROOT_CLASS = YES_ERROR;
				CLANG_WARN_RANGE_LOOP_ANALYSIS = YES;
				CLANG_WARN_STRICT_PROTOTYPES = YES;
				CLANG_WARN_SUSPICIOUS_MOVE = YES;
				CLANG_WARN_UNGUARDED_AVAILABILITY = YES_AGGRESSIVE;
				CLANG_WARN_UNREACHABLE_CODE = YES;
				CLANG_WARN__DUPLICATE_METHOD_MATCH = YES;
				CODE_SIGN_IDENTITY = "iPhone Developer";
				COPY_PHASE_STRIP = NO;
				DEBUG_INFORMATION_FORMAT = dwarf;
				ENABLE_STRICT_OBJC_MSGSEND = YES;
				ENABLE_TESTABILITY = YES;
				GCC_C_LANGUAGE_STANDARD = gnu11;
				GCC_DYNAMIC_NO_PIC = NO;
				GCC_NO_COMMON_BLOCKS = YES;
				GCC_OPTIMIZATION_LEVEL = 0;
				GCC_PREPROCESSOR_DEFINITIONS = (
					"DEBUG=1",
					"$(inherited)",
				);
				GCC_WARN_64_TO_32_BIT_CONVERSION = YES;
				GCC_WARN_ABOUT_RETURN_TYPE = YES_ERROR;
				GCC_WARN_UNDECLARED_SELECTOR = YES;
				GCC_WARN_UNINITIALIZED_AUTOS = YES_AGGRESSIVE;
				GCC_WARN_UNUSED_FUNCTION = YES;
				GCC_WARN_UNUSED_VARIABLE = YES;
				IPHONEOS_DEPLOYMENT_TARGET = 11.2;
				MTL_ENABLE_DEBUG_INFO = YES;
				ONLY_ACTIVE_ARCH = YES;
				SDKROOT = iphoneos;
				SWIFT_ACTIVE_COMPILATION_CONDITIONS = DEBUG;
				SWIFT_OPTIMIZATION_LEVEL = "-Onone";
			};
			name = Debug;
		};
		E30A309321312D0F00E91D17 /* Release */ = {
			isa = XCBuildConfiguration;
			buildSettings = {
				ALWAYS_SEARCH_USER_PATHS = NO;
				CLANG_ANALYZER_NONNULL = YES;
				CLANG_ANALYZER_NUMBER_OBJECT_CONVERSION = YES_AGGRESSIVE;
				CLANG_CXX_LANGUAGE_STANDARD = "gnu++14";
				CLANG_CXX_LIBRARY = "libc++";
				CLANG_ENABLE_MODULES = YES;
				CLANG_ENABLE_OBJC_ARC = YES;
				CLANG_WARN_BLOCK_CAPTURE_AUTORELEASING = YES;
				CLANG_WARN_BOOL_CONVERSION = YES;
				CLANG_WARN_COMMA = YES;
				CLANG_WARN_CONSTANT_CONVERSION = YES;
				CLANG_WARN_DIRECT_OBJC_ISA_USAGE = YES_ERROR;
				CLANG_WARN_DOCUMENTATION_COMMENTS = YES;
				CLANG_WARN_EMPTY_BODY = YES;
				CLANG_WARN_ENUM_CONVERSION = YES;
				CLANG_WARN_INFINITE_RECURSION = YES;
				CLANG_WARN_INT_CONVERSION = YES;
				CLANG_WARN_NON_LITERAL_NULL_CONVERSION = YES;
				CLANG_WARN_OBJC_LITERAL_CONVERSION = YES;
				CLANG_WARN_OBJC_ROOT_CLASS = YES_ERROR;
				CLANG_WARN_RANGE_LOOP_ANALYSIS = YES;
				CLANG_WARN_STRICT_PROTOTYPES = YES;
				CLANG_WARN_SUSPICIOUS_MOVE = YES;
				CLANG_WARN_UNGUARDED_AVAILABILITY = YES_AGGRESSIVE;
				CLANG_WARN_UNREACHABLE_CODE = YES;
				CLANG_WARN__DUPLICATE_METHOD_MATCH = YES;
				CODE_SIGN_IDENTITY = "iPhone Developer";
				COPY_PHASE_STRIP = NO;
				DEBUG_INFORMATION_FORMAT = "dwarf-with-dsym";
				ENABLE_NS_ASSERTIONS = NO;
				ENABLE_STRICT_OBJC_MSGSEND = YES;
				GCC_C_LANGUAGE_STANDARD = gnu11;
				GCC_NO_COMMON_BLOCKS = YES;
				GCC_WARN_64_TO_32_BIT_CONVERSION = YES;
				GCC_WARN_ABOUT_RETURN_TYPE = YES_ERROR;
				GCC_WARN_UNDECLARED_SELECTOR = YES;
				GCC_WARN_UNINITIALIZED_AUTOS = YES_AGGRESSIVE;
				GCC_WARN_UNUSED_FUNCTION = YES;
				GCC_WARN_UNUSED_VARIABLE = YES;
				IPHONEOS_DEPLOYMENT_TARGET = 11.2;
				MTL_ENABLE_DEBUG_INFO = NO;
				SDKROOT = iphoneos;
				SWIFT_OPTIMIZATION_LEVEL = "-Owholemodule";
				VALIDATE_PRODUCT = YES;
			};
			name = Release;
		};
		E30A309521312D0F00E91D17 /* Debug */ = {
			isa = XCBuildConfiguration;
			baseConfigurationReference = C42F45201AE59A489E6C54CF /* Pods-WalletCardAdder.debug.xcconfig */;
			buildSettings = {
				ASSETCATALOG_COMPILER_APPICON_NAME = AppIcon;
				CLANG_ENABLE_MODULES = YES;
				CODE_SIGN_ENTITLEMENTS = WalletCardAdder/WalletCardAdder.entitlements;
				CODE_SIGN_STYLE = Automatic;
				DEVELOPMENT_TEAM = 2TUR386524;
				INFOPLIST_FILE = WalletCardAdder/Info.plist;
				IPHONEOS_DEPLOYMENT_TARGET = 10.0;
				LD_RUNPATH_SEARCH_PATHS = "$(inherited) @executable_path/Frameworks";
				PRODUCT_BUNDLE_IDENTIFIER = com.mobilefactory.testapp;
				PRODUCT_NAME = "$(TARGET_NAME)";
				SWIFT_OBJC_BRIDGING_HEADER = "WalletCardAdder/Bridge/WalletCardAdder-Bridging-Header.h";
				SWIFT_OPTIMIZATION_LEVEL = "-Onone";
				SWIFT_VERSION = 4.0;
				TARGETED_DEVICE_FAMILY = "1,2";
			};
			name = Debug;
		};
		E30A309621312D0F00E91D17 /* Release */ = {
			isa = XCBuildConfiguration;
			baseConfigurationReference = F89307271FD88A0CD17C7A73 /* Pods-WalletCardAdder.release.xcconfig */;
			buildSettings = {
				ASSETCATALOG_COMPILER_APPICON_NAME = AppIcon;
				CLANG_ENABLE_MODULES = YES;
				CODE_SIGN_ENTITLEMENTS = WalletCardAdder/WalletCardAdder.entitlements;
				CODE_SIGN_STYLE = Automatic;
				DEVELOPMENT_TEAM = 2TUR386524;
				INFOPLIST_FILE = WalletCardAdder/Info.plist;
				IPHONEOS_DEPLOYMENT_TARGET = 10.0;
				LD_RUNPATH_SEARCH_PATHS = "$(inherited) @executable_path/Frameworks";
				PRODUCT_BUNDLE_IDENTIFIER = com.mobilefactory.testapp;
				PRODUCT_NAME = "$(TARGET_NAME)";
				SWIFT_OBJC_BRIDGING_HEADER = "WalletCardAdder/Bridge/WalletCardAdder-Bridging-Header.h";
				SWIFT_VERSION = 4.0;
				TARGETED_DEVICE_FAMILY = "1,2";
			};
			name = Release;
		};
/* End XCBuildConfiguration section */

/* Begin XCConfigurationList section */
		E30A307D21312D0F00E91D17 /* Build configuration list for PBXProject "WalletCardAdder" */ = {
			isa = XCConfigurationList;
			buildConfigurations = (
				E30A309221312D0F00E91D17 /* Debug */,
				E30A309321312D0F00E91D17 /* Release */,
			);
			defaultConfigurationIsVisible = 0;
			defaultConfigurationName = Release;
		};
		E30A309421312D0F00E91D17 /* Build configuration list for PBXNativeTarget "WalletCardAdder" */ = {
			isa = XCConfigurationList;
			buildConfigurations = (
				E30A309521312D0F00E91D17 /* Debug */,
				E30A309621312D0F00E91D17 /* Release */,
			);
			defaultConfigurationIsVisible = 0;
			defaultConfigurationName = Release;
		};
/* End XCConfigurationList section */
	};
	rootObject = E30A307A21312D0F00E91D17 /* Project object */;
}
